Microsoft Visual Studio Solution File, Format Version 12.00
# Visual Studio Version 17
VisualStudioVersion = 17.5.2.0
MinimumVisualStudioVersion = 10.0.40219.1
Project("{FAE04EC0-301F-11D3-BF4B-00C04F79EFBC}") = "calculadora-IMC", "calculadora-IMC.csproj", "{15E054D1-1D36-89EF-4829-C12D607F7ED9}"
EndProject
Global
	GlobalSection(SolutionConfigurationPlatforms) = preSolution
		Debug|Any CPU = Debug|Any CPU
		Release|Any CPU = Release|Any CPU
	EndGlobalSection
	GlobalSection(ProjectConfigurationPlatforms) = postSolution
		{15E054D1-1D36-89EF-4829-C12D607F7ED9}.Debug|Any CPU.ActiveCfg = Debug|Any CPU
		{15E054D1-1D36-89EF-4829-C12D607F7ED9}.Debug|Any CPU.Build.0 = Debug|Any CPU
		{15E054D1-1D36-89EF-4829-C12D607F7ED9}.Release|Any CPU.ActiveCfg = Release|Any CPU
		{15E054D1-1D36-89EF-4829-C12D607F7ED9}.Release|Any CPU.Build.0 = Release|Any CPU
	EndGlobalSection
	GlobalSection(SolutionProperties) = preSolution
		HideSolutionNode = FALSE
	EndGlobalSection
	GlobalSection(ExtensibilityGlobals) = postSolution
		SolutionGuid = {E38521FD-269F-4413-8304-F4510B00EC3F}
	EndGlobalSection
EndGlobal
